// !$*UTF8*$!
{
	archiveVersion = 1;
	classes = {
	};
	objectVersion = 77;
	objects = {

/* Begin PBXBuildFile section */
		07D2CAD2D1381D5B8AB6297B /* StatisticsView.swift in Sources */ = {isa = PBXBuildFile; fileRef = E75FC206C76747C149A24430 /* StatisticsView.swift */; };
		0914EBC39324D9DBE473DF80 /* Color+Theme.swift in Sources */ = {isa = PBXBuildFile; fileRef = 595DAF9839CC51DC4012008B /* Color+Theme.swift */; };
		0BC421BA23BCAC5AD9E39CE5 /* RequestBodyTabView.swift in Sources */ = {isa = PBXBuildFile; fileRef = 97E24354BB2F9586FFB6A6B2 /* RequestBodyTabView.swift */; };
		0BEA1D07FBA2CB46F1E1A65B /* HeadersTabView.swift in Sources */ = {isa = PBXBuildFile; fileRef = F81981DBD350FF671E35B35D /* HeadersTabView.swift */; };
		11DC9E9D8F4C8F5EFB6B8ECC /* RequestRepositoryProtocol.swift in Sources */ = {isa = PBXBuildFile; fileRef = 236A73F112B84B6958186504 /* RequestRepositoryProtocol.swift */; };
		1A857D7909167811438CBCC4 /* RequestListView.swift in Sources */ = {isa = PBXBuildFile; fileRef = D69D9BC8C25A8E37A7806A4A /* RequestListView.swift */; };
		1BB88BDEDDAEA09C6AE92EFC /* InspectlyURLProtocol.swift in Sources */ = {isa = PBXBuildFile; fileRef = 4C0C40E1AAD6DA38034C4512 /* InspectlyURLProtocol.swift */; };
		1E1451485A7210123AB31D71 /* NetworkRequest.swift in Sources */ = {isa = PBXBuildFile; fileRef = 9B53564E453141DC061A2B3E /* NetworkRequest.swift */; };
		1E48A634959D88F1CF5A8F1C /* ParamsTabView.swift in Sources */ = {isa = PBXBuildFile; fileRef = 12C69514DB227D5205D90401 /* ParamsTabView.swift */; };
		1FB7B9CDC0E62BB569583623 /* StubDetailViewModel.swift in Sources */ = {isa = PBXBuildFile; fileRef = 16F177961E49A5B8E28DE9E3 /* StubDetailViewModel.swift */; };
		2AB711665655F6B84C2CFB9E /* InspectlySessionConfiguration.swift in Sources */ = {isa = PBXBuildFile; fileRef = FBA6ADFA3F6F45271DCA1923 /* InspectlySessionConfiguration.swift */; };
		2D7A89858BB58FCD4D04A668 /* MiniChartView.swift in Sources */ = {isa = PBXBuildFile; fileRef = 230B3D2745655A8EC03B5C6A /* MiniChartView.swift */; };
		2DC95F1D2165497F9A50D679 /* RequestHeader.swift in Sources */ = {isa = PBXBuildFile; fileRef = ADCB7649C23C09712213198A /* RequestHeader.swift */; };
		2FFFB1B2B396ACAAA52687DB /* RequestGroup.swift in Sources */ = {isa = PBXBuildFile; fileRef = 997A4B07C170AC5BE1E84577 /* RequestGroup.swift */; };
		31A2E8F9CE07720A6ADFA1FE /* StubEngine.swift in Sources */ = {isa = PBXBuildFile; fileRef = 4325CFCCE1DCD943C9220132 /* StubEngine.swift */; };
		3278DEF3469355F386220247 /* RequestStub.swift in Sources */ = {isa = PBXBuildFile; fileRef = 0C1993C49DAB9E103645E476 /* RequestStub.swift */; };
		331DC85938EF53FE12BB50C4 /* graphql_response.json in Resources */ = {isa = PBXBuildFile; fileRef = 1D57B0CBD37FFE55C12C9F84 /* graphql_response.json */; };
		33B9215C93EEFA16AF460379 /* EmptyStateView.swift in Sources */ = {isa = PBXBuildFile; fileRef = 3595756F2FC6750AD6B38441 /* EmptyStateView.swift */; };
		38F181C99B7B335B277DBE4F /* RequestListViewModel.swift in Sources */ = {isa = PBXBuildFile; fileRef = 922CE9B61E7E676DD9970000 /* RequestListViewModel.swift */; };
		38FF83B516D6656EF79AC6D8 /* CodeBlockView.swift in Sources */ = {isa = PBXBuildFile; fileRef = B5116630B30DD67CF434D37D /* CodeBlockView.swift */; };
		39CE13DFC58158149D25BB22 /* StorageManagerProtocol.swift in Sources */ = {isa = PBXBuildFile; fileRef = 6A31207692068F04AF2569D5 /* StorageManagerProtocol.swift */; };
		3A1D4CA77A76D19322491712 /* error_401.json in Resources */ = {isa = PBXBuildFile; fileRef = 66E038765A1B5FEC51CF919F /* error_401.json */; };
		3D1EFDF7C0484D8DEEA86B7F /* MockStubs.swift in Sources */ = {isa = PBXBuildFile; fileRef = 5450F6DDF608804B9426BC8B /* MockStubs.swift */; };
		417AC0976123ED354B2B74BA /* DependencyContainer.swift in Sources */ = {isa = PBXBuildFile; fileRef = 5DC578779149FD04F074048A /* DependencyContainer.swift */; };
		46A58BDCDEBC3235860A3E1E /* login_response.json in Resources */ = {isa = PBXBuildFile; fileRef = F78BB2C41B4A84C891B4978B /* login_response.json */; };
		48C8F618E95099493289E4C0 /* QueryParameter.swift in Sources */ = {isa = PBXBuildFile; fileRef = 2F46A8FDB91CA8E950CFF499 /* QueryParameter.swift */; };
		526568D9D941DE38AE66DEDC /* SummaryCardView.swift in Sources */ = {isa = PBXBuildFile; fileRef = 7F99BAD541EE01B4CF940FA7 /* SummaryCardView.swift */; };
		52A315B8F8C8A22DC742E9ED /* OverviewTabView.swift in Sources */ = {isa = PBXBuildFile; fileRef = 7932C8F13D256F86BEA639A6 /* OverviewTabView.swift */; };
		54D0F1208285CF0CEC262EF7 /* RequestRowView.swift in Sources */ = {isa = PBXBuildFile; fileRef = 735860343A098B814B314068 /* RequestRowView.swift */; };
		566163909A76B55F7A152102 /* Alamofire in Frameworks */ = {isa = PBXBuildFile; productRef = BA9B0FDFD72C42755F3D0A38 /* Alamofire */; };
		592154BCA292BD95463E37FC /* StubManagerView.swift in Sources */ = {isa = PBXBuildFile; fileRef = D80AF2A6983D4EBD858F767F /* StubManagerView.swift */; };
		5C48A3FE79DA9E7F5F885079 /* StubRepositoryProtocol.swift in Sources */ = {isa = PBXBuildFile; fileRef = 5655C79F220E7AB4C8B0DD14 /* StubRepositoryProtocol.swift */; };
		60DF268D5C1AD8E84DC03F6E /* TimelineTabView.swift in Sources */ = {isa = PBXBuildFile; fileRef = 08D139BF0457D859F4AC989C /* TimelineTabView.swift */; };
		641F96B62A9B5C23736CC58C /* HTTPMethodBadge.swift in Sources */ = {isa = PBXBuildFile; fileRef = 3E8BD65E031796BBC5B80052 /* HTTPMethodBadge.swift */; };
		65DAC2522F206C20F1F88967 /* AppSettings.swift in Sources */ = {isa = PBXBuildFile; fileRef = 8E0D28452D697CDE81BC961A /* AppSettings.swift */; };
		660DA24397175B5366587046 /* StatusBadgeView.swift in Sources */ = {isa = PBXBuildFile; fileRef = 2D948B549ADA075D54CFA9BE /* StatusBadgeView.swift */; };
		6623D9B817B2962D980D8B6F /* error_500.json in Resources */ = {isa = PBXBuildFile; fileRef = CDF953AEA0A66A6D1E5365E8 /* error_500.json */; };
		677E45FB8DFA60B03E0789E7 /* NetworkObserverService.swift in Sources */ = {isa = PBXBuildFile; fileRef = 2B649827939CCCB9AC985259 /* NetworkObserverService.swift */; };
		71252B36AC8D138FFF6CAC61 /* SettingsView.swift in Sources */ = {isa = PBXBuildFile; fileRef = 2CBFDF5EADBE49D8B042DA22 /* SettingsView.swift */; };
		8645D8BC182A459D527829A2 /* String+JSON.swift in Sources */ = {isa = PBXBuildFile; fileRef = 7116AE0DA50F6B32D9B84FFE /* String+JSON.swift */; };
		8827F3C5DB4EAA7322314B80 /* profile.json in Resources */ = {isa = PBXBuildFile; fileRef = 5791FBE0AD88D647AAFE62C6 /* profile.json */; };
		8A1D9FC5AB26062AFD0AABA2 /* FilterChipView.swift in Sources */ = {isa = PBXBuildFile; fileRef = E996515B02109EC430B27853 /* FilterChipView.swift */; };
		8C731A7CD4B4EB0BF1401860 /* RequestDetailViewModel.swift in Sources */ = {isa = PBXBuildFile; fileRef = B582CDFAC5869D1A4699499A /* RequestDetailViewModel.swift */; };
		8CE834E1C036764C50865FDC /* JSONPreviewView.swift in Sources */ = {isa = PBXBuildFile; fileRef = FF6BC6098F534794B078B6D4 /* JSONPreviewView.swift */; };
		8CF17782EBBC2DE7C28968BE /* RequestDetailView.swift in Sources */ = {isa = PBXBuildFile; fileRef = 7BA826CFD678D2999ED8C393 /* RequestDetailView.swift */; };
		8D6E625CAA0BD6C286C27BB6 /* MockRequests.swift in Sources */ = {isa = PBXBuildFile; fileRef = F6086277715ECE91899AE3EA /* MockRequests.swift */; };
		8DF705913D5889AAC28E14DD /* ContentView.swift in Sources */ = {isa = PBXBuildFile; fileRef = AF170F5FDFA09D1848A58B05 /* ContentView.swift */; };
		97008DD4B3D7938B09641849 /* users.json in Resources */ = {isa = PBXBuildFile; fileRef = E53A690DCBF93D3AE62A1D3E /* users.json */; };
		985B160CE09F021CD7439C96 /* RequestRepository.swift in Sources */ = {isa = PBXBuildFile; fileRef = C52AF330981E7D2D1A9A268C /* RequestRepository.swift */; };
		A2EECF48913DF9FA991CB659 /* FilterSheetView.swift in Sources */ = {isa = PBXBuildFile; fileRef = 30508A146420CE60DD3780AB /* FilterSheetView.swift */; };
		A3AE412102E31D23DDB84E19 /* DemoApp.swift in Sources */ = {isa = PBXBuildFile; fileRef = D1053CC8B7CCA07906C89DC7 /* DemoApp.swift */; };
		A52B713344B5F4545314BF54 /* ShakeDetector.swift in Sources */ = {isa = PBXBuildFile; fileRef = 6617C92AD610D50555996BDA /* ShakeDetector.swift */; };
		A8DAC2BC0107C4A961302D05 /* StubRepository.swift in Sources */ = {isa = PBXBuildFile; fileRef = 8A0C8D26D58F975B6EF90FA2 /* StubRepository.swift */; };
		A9478D7B495726D6DDC417AE /* NetworkObserverProtocol.swift in Sources */ = {isa = PBXBuildFile; fileRef = 8795B1C94AC5BC4F2C43937A /* NetworkObserverProtocol.swift */; };
		AC28C13A10E2744A9584DAD2 /* ExportManager.swift in Sources */ = {isa = PBXBuildFile; fileRef = F474EE008DCB2C5867E43DCB /* ExportManager.swift */; };
		B10271698217B08CE5665A46 /* StubDetailView.swift in Sources */ = {isa = PBXBuildFile; fileRef = E5B37AA571E40B9239364550 /* StubDetailView.swift */; };
		B1E387172B5C988B02BCCC15 /* StubManagerViewModel.swift in Sources */ = {isa = PBXBuildFile; fileRef = 3D2CD453A6251D4ABEE14EBF /* StubManagerViewModel.swift */; };
		B40628CAEC4CC292C90E91B1 /* MockSettings.swift in Sources */ = {isa = PBXBuildFile; fileRef = 694879320CA456C45DE5FF8E /* MockSettings.swift */; };
		BFAAA00EDDEC14AF52A7D011 /* Date+Formatting.swift in Sources */ = {isa = PBXBuildFile; fileRef = D9AC39EBE901B2F76E051892 /* Date+Formatting.swift */; };
		C12B775652A264A8B4A52AB0 /* InspectlyRequestInterceptor.swift in Sources */ = {isa = PBXBuildFile; fileRef = 3087D60818662514AB07653D /* InspectlyRequestInterceptor.swift */; };
		C7F90188AF04304D6995C428 /* ResponseBodyTabView.swift in Sources */ = {isa = PBXBuildFile; fileRef = 975CC8683FC4FF0E8AC1A0C5 /* ResponseBodyTabView.swift */; };
		CE38495DEA74EC6E8FA59424 /* SettingsViewModel.swift in Sources */ = {isa = PBXBuildFile; fileRef = A1E007E9774D0C1323410D43 /* SettingsViewModel.swift */; };
		CE99BC78E83F8F3BAEE521AF /* Assets.xcassets in Resources */ = {isa = PBXBuildFile; fileRef = 622BC20CDC3BB1F49C99D4FA /* Assets.xcassets */; };
		D0BD33BE778722D5C2DD0BC5 /* DashboardSummary.swift in Sources */ = {isa = PBXBuildFile; fileRef = DC6F7501CA2129FCAC2D240B /* DashboardSummary.swift */; };
		D12C134B937CC81360170E67 /* DemoAppView.swift in Sources */ = {isa = PBXBuildFile; fileRef = 565B36C9CCAE1F2DB00E8FD0 /* DemoAppView.swift */; };
		D54BC5542227AC4CC49C0236 /* StubRowView.swift in Sources */ = {isa = PBXBuildFile; fileRef = F2176A8958787EA9A39FDDDB /* StubRowView.swift */; };
		D7522144C39105384203A970 /* RequestTag.swift in Sources */ = {isa = PBXBuildFile; fileRef = 2BDF92A2C14A31E019AABEC3 /* RequestTag.swift */; };
		D7CB22EDA6736180E5E99332 /* ScenarioListView.swift in Sources */ = {isa = PBXBuildFile; fileRef = 1CF326C1DE087D71EB1A04D9 /* ScenarioListView.swift */; };
		DB86BF37E633DC8DC018509D /* ExportManagerProtocol.swift in Sources */ = {isa = PBXBuildFile; fileRef = 24580941E7B1166896FF3D42 /* ExportManagerProtocol.swift */; };
		DBB8F72ED2196CA6D4BA7512 /* SectionHeaderView.swift in Sources */ = {isa = PBXBuildFile; fileRef = CE3927560D2BD60996FFC5FD /* SectionHeaderView.swift */; };
		E01F115BB30932AA379D13C2 /* ResponseEditorView.swift in Sources */ = {isa = PBXBuildFile; fileRef = 695DC811CEF6355869217ECC /* ResponseEditorView.swift */; };
		E512CEE09DC4D1F9FA8BF824 /* MatchRuleEditorView.swift in Sources */ = {isa = PBXBuildFile; fileRef = FE584A1E74DCB448BB692637 /* MatchRuleEditorView.swift */; };
		E766735E3478548E686E3320 /* View+Modifiers.swift in Sources */ = {isa = PBXBuildFile; fileRef = 96B299E3883F773FD6C83CE2 /* View+Modifiers.swift */; };
		F41A40A1735CF9163FAFDCA6 /* StatisticsViewModel.swift in Sources */ = {isa = PBXBuildFile; fileRef = E5D627F16EFB01DB67904E58 /* StatisticsViewModel.swift */; };
		F83FDCBB4F0D435C20884264 /* ExportTabView.swift in Sources */ = {isa = PBXBuildFile; fileRef = 4A4FD948B756FD92CA1BC653 /* ExportTabView.swift */; };
		FA3E672217C7414A53118F35 /* InspectlyEventMonitor.swift in Sources */ = {isa = PBXBuildFile; fileRef = E86529FFFD80EEC6596711B0 /* InspectlyEventMonitor.swift */; };
		FAE1B9C9B551561FD3EE2247 /* RequestBody.swift in Sources */ = {isa = PBXBuildFile; fileRef = A729EE92CBB6ECAFCF6F3526 /* RequestBody.swift */; };
		FEDD4A0322E5F02D4A2187E1 /* StorageManager.swift in Sources */ = {isa = PBXBuildFile; fileRef = AE2222FB08FAEBB463285A13 /* StorageManager.swift */; };
/* End PBXBuildFile section */

/* Begin PBXFileReference section */
		08D139BF0457D859F4AC989C /* TimelineTabView.swift */ = {isa = PBXFileReference; lastKnownFileType = sourcecode.swift; path = TimelineTabView.swift; sourceTree = "<group>"; };
		0C1993C49DAB9E103645E476 /* RequestStub.swift */ = {isa = PBXFileReference; lastKnownFileType = sourcecode.swift; path = RequestStub.swift; sourceTree = "<group>"; };
		12C69514DB227D5205D90401 /* ParamsTabView.swift */ = {isa = PBXFileReference; lastKnownFileType = sourcecode.swift; path = ParamsTabView.swift; sourceTree = "<group>"; };
		16F177961E49A5B8E28DE9E3 /* StubDetailViewModel.swift */ = {isa = PBXFileReference; lastKnownFileType = sourcecode.swift; path = StubDetailViewModel.swift; sourceTree = "<group>"; };
		1CF326C1DE087D71EB1A04D9 /* ScenarioListView.swift */ = {isa = PBXFileReference; lastKnownFileType = sourcecode.swift; path = ScenarioListView.swift; sourceTree = "<group>"; };
		1D57B0CBD37FFE55C12C9F84 /* graphql_response.json */ = {isa = PBXFileReference; lastKnownFileType = text.json; path = graphql_response.json; sourceTree = "<group>"; };
		230B3D2745655A8EC03B5C6A /* MiniChartView.swift */ = {isa = PBXFileReference; lastKnownFileType = sourcecode.swift; path = MiniChartView.swift; sourceTree = "<group>"; };
		236A73F112B84B6958186504 /* RequestRepositoryProtocol.swift */ = {isa = PBXFileReference; lastKnownFileType = sourcecode.swift; path = RequestRepositoryProtocol.swift; sourceTree = "<group>"; };
		24580941E7B1166896FF3D42 /* ExportManagerProtocol.swift */ = {isa = PBXFileReference; lastKnownFileType = sourcecode.swift; path = ExportManagerProtocol.swift; sourceTree = "<group>"; };
		2B649827939CCCB9AC985259 /* NetworkObserverService.swift */ = {isa = PBXFileReference; lastKnownFileType = sourcecode.swift; path = NetworkObserverService.swift; sourceTree = "<group>"; };
		2BDF92A2C14A31E019AABEC3 /* RequestTag.swift */ = {isa = PBXFileReference; lastKnownFileType = sourcecode.swift; path = RequestTag.swift; sourceTree = "<group>"; };
		2CBFDF5EADBE49D8B042DA22 /* SettingsView.swift */ = {isa = PBXFileReference; lastKnownFileType = sourcecode.swift; path = SettingsView.swift; sourceTree = "<group>"; };
		2D948B549ADA075D54CFA9BE /* StatusBadgeView.swift */ = {isa = PBXFileReference; lastKnownFileType = sourcecode.swift; path = StatusBadgeView.swift; sourceTree = "<group>"; };
		2F46A8FDB91CA8E950CFF499 /* QueryParameter.swift */ = {isa = PBXFileReference; lastKnownFileType = sourcecode.swift; path = QueryParameter.swift; sourceTree = "<group>"; };
		30508A146420CE60DD3780AB /* FilterSheetView.swift */ = {isa = PBXFileReference; lastKnownFileType = sourcecode.swift; path = FilterSheetView.swift; sourceTree = "<group>"; };
		3087D60818662514AB07653D /* InspectlyRequestInterceptor.swift */ = {isa = PBXFileReference; lastKnownFileType = sourcecode.swift; path = InspectlyRequestInterceptor.swift; sourceTree = "<group>"; };
		3595756F2FC6750AD6B38441 /* EmptyStateView.swift */ = {isa = PBXFileReference; lastKnownFileType = sourcecode.swift; path = EmptyStateView.swift; sourceTree = "<group>"; };
		3D2CD453A6251D4ABEE14EBF /* StubManagerViewModel.swift */ = {isa = PBXFileReference; lastKnownFileType = sourcecode.swift; path = StubManagerViewModel.swift; sourceTree = "<group>"; };
		3E8BD65E031796BBC5B80052 /* HTTPMethodBadge.swift */ = {isa = PBXFileReference; lastKnownFileType = sourcecode.swift; path = HTTPMethodBadge.swift; sourceTree = "<group>"; };
		4325CFCCE1DCD943C9220132 /* StubEngine.swift */ = {isa = PBXFileReference; lastKnownFileType = sourcecode.swift; path = StubEngine.swift; sourceTree = "<group>"; };
		4A4FD948B756FD92CA1BC653 /* ExportTabView.swift */ = {isa = PBXFileReference; lastKnownFileType = sourcecode.swift; path = ExportTabView.swift; sourceTree = "<group>"; };
		4C0C40E1AAD6DA38034C4512 /* InspectlyURLProtocol.swift */ = {isa = PBXFileReference; lastKnownFileType = sourcecode.swift; path = InspectlyURLProtocol.swift; sourceTree = "<group>"; };
		5450F6DDF608804B9426BC8B /* MockStubs.swift */ = {isa = PBXFileReference; lastKnownFileType = sourcecode.swift; path = MockStubs.swift; sourceTree = "<group>"; };
		5655C79F220E7AB4C8B0DD14 /* StubRepositoryProtocol.swift */ = {isa = PBXFileReference; lastKnownFileType = sourcecode.swift; path = StubRepositoryProtocol.swift; sourceTree = "<group>"; };
		565B36C9CCAE1F2DB00E8FD0 /* DemoAppView.swift */ = {isa = PBXFileReference; lastKnownFileType = sourcecode.swift; path = DemoAppView.swift; sourceTree = "<group>"; };
		5791FBE0AD88D647AAFE62C6 /* profile.json */ = {isa = PBXFileReference; lastKnownFileType = text.json; path = profile.json; sourceTree = "<group>"; };
		595DAF9839CC51DC4012008B /* Color+Theme.swift */ = {isa = PBXFileReference; lastKnownFileType = sourcecode.swift; path = "Color+Theme.swift"; sourceTree = "<group>"; };
		5DC578779149FD04F074048A /* DependencyContainer.swift */ = {isa = PBXFileReference; lastKnownFileType = sourcecode.swift; path = DependencyContainer.swift; sourceTree = "<group>"; };
		622BC20CDC3BB1F49C99D4FA /* Assets.xcassets */ = {isa = PBXFileReference; lastKnownFileType = folder.assetcatalog; path = Assets.xcassets; sourceTree = "<group>"; };
		6617C92AD610D50555996BDA /* ShakeDetector.swift */ = {isa = PBXFileReference; lastKnownFileType = sourcecode.swift; path = ShakeDetector.swift; sourceTree = "<group>"; };
		66E038765A1B5FEC51CF919F /* error_401.json */ = {isa = PBXFileReference; lastKnownFileType = text.json; path = error_401.json; sourceTree = "<group>"; };
		694879320CA456C45DE5FF8E /* MockSettings.swift */ = {isa = PBXFileReference; lastKnownFileType = sourcecode.swift; path = MockSettings.swift; sourceTree = "<group>"; };
		695DC811CEF6355869217ECC /* ResponseEditorView.swift */ = {isa = PBXFileReference; lastKnownFileType = sourcecode.swift; path = ResponseEditorView.swift; sourceTree = "<group>"; };
		6A31207692068F04AF2569D5 /* StorageManagerProtocol.swift */ = {isa = PBXFileReference; lastKnownFileType = sourcecode.swift; path = StorageManagerProtocol.swift; sourceTree = "<group>"; };
		7116AE0DA50F6B32D9B84FFE /* String+JSON.swift */ = {isa = PBXFileReference; lastKnownFileType = sourcecode.swift; path = "String+JSON.swift"; sourceTree = "<group>"; };
		72257512CAF0D53F631A1870 /* Info.plist */ = {isa = PBXFileReference; lastKnownFileType = text.plist; path = Info.plist; sourceTree = "<group>"; };
		735860343A098B814B314068 /* RequestRowView.swift */ = {isa = PBXFileReference; lastKnownFileType = sourcecode.swift; path = RequestRowView.swift; sourceTree = "<group>"; };
		7932C8F13D256F86BEA639A6 /* OverviewTabView.swift */ = {isa = PBXFileReference; lastKnownFileType = sourcecode.swift; path = OverviewTabView.swift; sourceTree = "<group>"; };
		7BA826CFD678D2999ED8C393 /* RequestDetailView.swift */ = {isa = PBXFileReference; lastKnownFileType = sourcecode.swift; path = RequestDetailView.swift; sourceTree = "<group>"; };
		7F99BAD541EE01B4CF940FA7 /* SummaryCardView.swift */ = {isa = PBXFileReference; lastKnownFileType = sourcecode.swift; path = SummaryCardView.swift; sourceTree = "<group>"; };
		8795B1C94AC5BC4F2C43937A /* NetworkObserverProtocol.swift */ = {isa = PBXFileReference; lastKnownFileType = sourcecode.swift; path = NetworkObserverProtocol.swift; sourceTree = "<group>"; };
		8A0C8D26D58F975B6EF90FA2 /* StubRepository.swift */ = {isa = PBXFileReference; lastKnownFileType = sourcecode.swift; path = StubRepository.swift; sourceTree = "<group>"; };
		8E0D28452D697CDE81BC961A /* AppSettings.swift */ = {isa = PBXFileReference; lastKnownFileType = sourcecode.swift; path = AppSettings.swift; sourceTree = "<group>"; };
		922CE9B61E7E676DD9970000 /* RequestListViewModel.swift */ = {isa = PBXFileReference; lastKnownFileType = sourcecode.swift; path = RequestListViewModel.swift; sourceTree = "<group>"; };
		96B299E3883F773FD6C83CE2 /* View+Modifiers.swift */ = {isa = PBXFileReference; lastKnownFileType = sourcecode.swift; path = "View+Modifiers.swift"; sourceTree = "<group>"; };
		975CC8683FC4FF0E8AC1A0C5 /* ResponseBodyTabView.swift */ = {isa = PBXFileReference; lastKnownFileType = sourcecode.swift; path = ResponseBodyTabView.swift; sourceTree = "<group>"; };
		97E24354BB2F9586FFB6A6B2 /* RequestBodyTabView.swift */ = {isa = PBXFileReference; lastKnownFileType = sourcecode.swift; path = RequestBodyTabView.swift; sourceTree = "<group>"; };
		997A4B07C170AC5BE1E84577 /* RequestGroup.swift */ = {isa = PBXFileReference; lastKnownFileType = sourcecode.swift; path = RequestGroup.swift; sourceTree = "<group>"; };
		9B53564E453141DC061A2B3E /* NetworkRequest.swift */ = {isa = PBXFileReference; lastKnownFileType = sourcecode.swift; path = NetworkRequest.swift; sourceTree = "<group>"; };
		A1E007E9774D0C1323410D43 /* SettingsViewModel.swift */ = {isa = PBXFileReference; lastKnownFileType = sourcecode.swift; path = SettingsViewModel.swift; sourceTree = "<group>"; };
		A729EE92CBB6ECAFCF6F3526 /* RequestBody.swift */ = {isa = PBXFileReference; lastKnownFileType = sourcecode.swift; path = RequestBody.swift; sourceTree = "<group>"; };
		ADCB7649C23C09712213198A /* RequestHeader.swift */ = {isa = PBXFileReference; lastKnownFileType = sourcecode.swift; path = RequestHeader.swift; sourceTree = "<group>"; };
		AE2222FB08FAEBB463285A13 /* StorageManager.swift */ = {isa = PBXFileReference; lastKnownFileType = sourcecode.swift; path = StorageManager.swift; sourceTree = "<group>"; };
		AF170F5FDFA09D1848A58B05 /* ContentView.swift */ = {isa = PBXFileReference; lastKnownFileType = sourcecode.swift; path = ContentView.swift; sourceTree = "<group>"; };
		B5116630B30DD67CF434D37D /* CodeBlockView.swift */ = {isa = PBXFileReference; lastKnownFileType = sourcecode.swift; path = CodeBlockView.swift; sourceTree = "<group>"; };
		B582CDFAC5869D1A4699499A /* RequestDetailViewModel.swift */ = {isa = PBXFileReference; lastKnownFileType = sourcecode.swift; path = RequestDetailViewModel.swift; sourceTree = "<group>"; };
		C52AF330981E7D2D1A9A268C /* RequestRepository.swift */ = {isa = PBXFileReference; lastKnownFileType = sourcecode.swift; path = RequestRepository.swift; sourceTree = "<group>"; };
		CDF953AEA0A66A6D1E5365E8 /* error_500.json */ = {isa = PBXFileReference; lastKnownFileType = text.json; path = error_500.json; sourceTree = "<group>"; };
		CE3927560D2BD60996FFC5FD /* SectionHeaderView.swift */ = {isa = PBXFileReference; lastKnownFileType = sourcecode.swift; path = SectionHeaderView.swift; sourceTree = "<group>"; };
		D1053CC8B7CCA07906C89DC7 /* DemoApp.swift */ = {isa = PBXFileReference; lastKnownFileType = sourcecode.swift; path = DemoApp.swift; sourceTree = "<group>"; };
		D69D9BC8C25A8E37A7806A4A /* RequestListView.swift */ = {isa = PBXFileReference; lastKnownFileType = sourcecode.swift; path = RequestListView.swift; sourceTree = "<group>"; };
		D80AF2A6983D4EBD858F767F /* StubManagerView.swift */ = {isa = PBXFileReference; lastKnownFileType = sourcecode.swift; path = StubManagerView.swift; sourceTree = "<group>"; };
		D9AC39EBE901B2F76E051892 /* Date+Formatting.swift */ = {isa = PBXFileReference; lastKnownFileType = sourcecode.swift; path = "Date+Formatting.swift"; sourceTree = "<group>"; };
		DC6F7501CA2129FCAC2D240B /* DashboardSummary.swift */ = {isa = PBXFileReference; lastKnownFileType = sourcecode.swift; path = DashboardSummary.swift; sourceTree = "<group>"; };
		E53A690DCBF93D3AE62A1D3E /* users.json */ = {isa = PBXFileReference; lastKnownFileType = text.json; path = users.json; sourceTree = "<group>"; };
		E5B37AA571E40B9239364550 /* StubDetailView.swift */ = {isa = PBXFileReference; lastKnownFileType = sourcecode.swift; path = StubDetailView.swift; sourceTree = "<group>"; };
		E5D627F16EFB01DB67904E58 /* StatisticsViewModel.swift */ = {isa = PBXFileReference; lastKnownFileType = sourcecode.swift; path = StatisticsViewModel.swift; sourceTree = "<group>"; };
		E75FC206C76747C149A24430 /* StatisticsView.swift */ = {isa = PBXFileReference; lastKnownFileType = sourcecode.swift; path = StatisticsView.swift; sourceTree = "<group>"; };
		E86529FFFD80EEC6596711B0 /* InspectlyEventMonitor.swift */ = {isa = PBXFileReference; lastKnownFileType = sourcecode.swift; path = InspectlyEventMonitor.swift; sourceTree = "<group>"; };
		E996515B02109EC430B27853 /* FilterChipView.swift */ = {isa = PBXFileReference; lastKnownFileType = sourcecode.swift; path = FilterChipView.swift; sourceTree = "<group>"; };
		F2176A8958787EA9A39FDDDB /* StubRowView.swift */ = {isa = PBXFileReference; lastKnownFileType = sourcecode.swift; path = StubRowView.swift; sourceTree = "<group>"; };
		F474EE008DCB2C5867E43DCB /* ExportManager.swift */ = {isa = PBXFileReference; lastKnownFileType = sourcecode.swift; path = ExportManager.swift; sourceTree = "<group>"; };
		F6086277715ECE91899AE3EA /* MockRequests.swift */ = {isa = PBXFileReference; lastKnownFileType = sourcecode.swift; path = MockRequests.swift; sourceTree = "<group>"; };
		F78BB2C41B4A84C891B4978B /* login_response.json */ = {isa = PBXFileReference; lastKnownFileType = text.json; path = login_response.json; sourceTree = "<group>"; };
		F81981DBD350FF671E35B35D /* HeadersTabView.swift */ = {isa = PBXFileReference; lastKnownFileType = sourcecode.swift; path = HeadersTabView.swift; sourceTree = "<group>"; };
		FA21957CA1B43CCC3203AB1A /* InspectlyDemo.app */ = {isa = PBXFileReference; includeInIndex = 0; lastKnownFileType = wrapper.application; path = InspectlyDemo.app; sourceTree = BUILT_PRODUCTS_DIR; };
		FBA6ADFA3F6F45271DCA1923 /* InspectlySessionConfiguration.swift */ = {isa = PBXFileReference; lastKnownFileType = sourcecode.swift; path = InspectlySessionConfiguration.swift; sourceTree = "<group>"; };
		FE584A1E74DCB448BB692637 /* MatchRuleEditorView.swift */ = {isa = PBXFileReference; lastKnownFileType = sourcecode.swift; path = MatchRuleEditorView.swift; sourceTree = "<group>"; };
		FF6BC6098F534794B078B6D4 /* JSONPreviewView.swift */ = {isa = PBXFileReference; lastKnownFileType = sourcecode.swift; path = JSONPreviewView.swift; sourceTree = "<group>"; };
/* End PBXFileReference section */

/* Begin PBXFrameworksBuildPhase section */
		C98EF1B9E57E27C2C22EFD3B /* Frameworks */ = {
			isa = PBXFrameworksBuildPhase;
			buildActionMask = 2147483647;
			files = (
				566163909A76B55F7A152102 /* Alamofire in Frameworks */,
			);
			runOnlyForDeploymentPostprocessing = 0;
		};
/* End PBXFrameworksBuildPhase section */

/* Begin PBXGroup section */
		07B178289A5B16798F9E20B4 /* MockData */ = {
			isa = PBXGroup;
			children = (
				F6086277715ECE91899AE3EA /* MockRequests.swift */,
				694879320CA456C45DE5FF8E /* MockSettings.swift */,
				5450F6DDF608804B9426BC8B /* MockStubs.swift */,
				52AA289A1621AB24664D120A /* SampleJSON */,
			);
			path = MockData;
			sourceTree = "<group>";
		};
		0BAE90E3BD5483BA7ADE2F7E /* Settings */ = {
			isa = PBXGroup;
			children = (
				2CBFDF5EADBE49D8B042DA22 /* SettingsView.swift */,
			);
			path = Settings;
			sourceTree = "<group>";
		};
		1BE2DDF6E2FA1BA369467647 /* StubManager */ = {
			isa = PBXGroup;
			children = (
				D80AF2A6983D4EBD858F767F /* StubManagerView.swift */,
				F2176A8958787EA9A39FDDDB /* StubRowView.swift */,
			);
			path = StubManager;
			sourceTree = "<group>";
		};
		1ECD6713735BF925C6B02CF5 /* Inspectly */ = {
			isa = PBXGroup;
			children = (
				622BC20CDC3BB1F49C99D4FA /* Assets.xcassets */,
				AF170F5FDFA09D1848A58B05 /* ContentView.swift */,
				3EA224AAFF7BE375BDE64A67 /* Extensions */,
				07B178289A5B16798F9E20B4 /* MockData */,
				274B576A9974C7639F705320 /* Models */,
				E3DAB197E2950B7578CD7465 /* Networking */,
				1F86989493C012610C4907F4 /* Services */,
				F588775A83E0B163448362D6 /* ViewModels */,
				C5F6C55B1ADAC990E8B43ED3 /* Views */,
			);
			path = Inspectly;
			sourceTree = "<group>";
		};
		1F86989493C012610C4907F4 /* Services */ = {
			isa = PBXGroup;
			children = (
				5DC578779149FD04F074048A /* DependencyContainer.swift */,
				F474EE008DCB2C5867E43DCB /* ExportManager.swift */,
				2B649827939CCCB9AC985259 /* NetworkObserverService.swift */,
				C52AF330981E7D2D1A9A268C /* RequestRepository.swift */,
				AE2222FB08FAEBB463285A13 /* StorageManager.swift */,
				8A0C8D26D58F975B6EF90FA2 /* StubRepository.swift */,
				AA360F5645B50ACB1EB9983A /* Protocols */,
			);
			path = Services;
			sourceTree = "<group>";
		};
		21F165EFAAB42E42C16187BD /* Statistics */ = {
			isa = PBXGroup;
			children = (
				230B3D2745655A8EC03B5C6A /* MiniChartView.swift */,
				E75FC206C76747C149A24430 /* StatisticsView.swift */,
				7F99BAD541EE01B4CF940FA7 /* SummaryCardView.swift */,
			);
			path = Statistics;
			sourceTree = "<group>";
		};
		239AFEFDFF87F89A903C43E6 /* AlamofireIntegration */ = {
			isa = PBXGroup;
			children = (
				E86529FFFD80EEC6596711B0 /* InspectlyEventMonitor.swift */,
				3087D60818662514AB07653D /* InspectlyRequestInterceptor.swift */,
				FBA6ADFA3F6F45271DCA1923 /* InspectlySessionConfiguration.swift */,
			);
			path = AlamofireIntegration;
			sourceTree = "<group>";
		};
		26C88B7BCA4DDC8AC6DF0E55 /* StubDetail */ = {
			isa = PBXGroup;
			children = (
				FF6BC6098F534794B078B6D4 /* JSONPreviewView.swift */,
				FE584A1E74DCB448BB692637 /* MatchRuleEditorView.swift */,
				695DC811CEF6355869217ECC /* ResponseEditorView.swift */,
				1CF326C1DE087D71EB1A04D9 /* ScenarioListView.swift */,
				E5B37AA571E40B9239364550 /* StubDetailView.swift */,
			);
			path = StubDetail;
			sourceTree = "<group>";
		};
		274B576A9974C7639F705320 /* Models */ = {
			isa = PBXGroup;
			children = (
				8E0D28452D697CDE81BC961A /* AppSettings.swift */,
				DC6F7501CA2129FCAC2D240B /* DashboardSummary.swift */,
				9B53564E453141DC061A2B3E /* NetworkRequest.swift */,
				2F46A8FDB91CA8E950CFF499 /* QueryParameter.swift */,
				A729EE92CBB6ECAFCF6F3526 /* RequestBody.swift */,
				997A4B07C170AC5BE1E84577 /* RequestGroup.swift */,
				ADCB7649C23C09712213198A /* RequestHeader.swift */,
				0C1993C49DAB9E103645E476 /* RequestStub.swift */,
				2BDF92A2C14A31E019AABEC3 /* RequestTag.swift */,
			);
			path = Models;
			sourceTree = "<group>";
		};
		2DBE4F5F3252FB40F729AE82 /* Components */ = {
			isa = PBXGroup;
			children = (
				B5116630B30DD67CF434D37D /* CodeBlockView.swift */,
				3595756F2FC6750AD6B38441 /* EmptyStateView.swift */,
				E996515B02109EC430B27853 /* FilterChipView.swift */,
				3E8BD65E031796BBC5B80052 /* HTTPMethodBadge.swift */,
				CE3927560D2BD60996FFC5FD /* SectionHeaderView.swift */,
				6617C92AD610D50555996BDA /* ShakeDetector.swift */,
				2D948B549ADA075D54CFA9BE /* StatusBadgeView.swift */,
			);
			path = Components;
			sourceTree = "<group>";
		};
		3294C0D6CF15E3491A398D8E /* Products */ = {
			isa = PBXGroup;
			children = (
				FA21957CA1B43CCC3203AB1A /* InspectlyDemo.app */,
			);
			name = Products;
			sourceTree = "<group>";
		};
		333E112F77E47113298074B2 /* RequestList */ = {
			isa = PBXGroup;
			children = (
				30508A146420CE60DD3780AB /* FilterSheetView.swift */,
				D69D9BC8C25A8E37A7806A4A /* RequestListView.swift */,
				735860343A098B814B314068 /* RequestRowView.swift */,
			);
			path = RequestList;
			sourceTree = "<group>";
		};
		3EA224AAFF7BE375BDE64A67 /* Extensions */ = {
			isa = PBXGroup;
			children = (
				595DAF9839CC51DC4012008B /* Color+Theme.swift */,
				D9AC39EBE901B2F76E051892 /* Date+Formatting.swift */,
				7116AE0DA50F6B32D9B84FFE /* String+JSON.swift */,
				96B299E3883F773FD6C83CE2 /* View+Modifiers.swift */,
			);
			path = Extensions;
			sourceTree = "<group>";
		};
		518AEE8435ADAA09877D4707 /* RequestDetail */ = {
			isa = PBXGroup;
			children = (
				4A4FD948B756FD92CA1BC653 /* ExportTabView.swift */,
				F81981DBD350FF671E35B35D /* HeadersTabView.swift */,
				7932C8F13D256F86BEA639A6 /* OverviewTabView.swift */,
				12C69514DB227D5205D90401 /* ParamsTabView.swift */,
				97E24354BB2F9586FFB6A6B2 /* RequestBodyTabView.swift */,
				7BA826CFD678D2999ED8C393 /* RequestDetailView.swift */,
				975CC8683FC4FF0E8AC1A0C5 /* ResponseBodyTabView.swift */,
				08D139BF0457D859F4AC989C /* TimelineTabView.swift */,
			);
			path = RequestDetail;
			sourceTree = "<group>";
		};
		52AA289A1621AB24664D120A /* SampleJSON */ = {
			isa = PBXGroup;
			children = (
				66E038765A1B5FEC51CF919F /* error_401.json */,
				CDF953AEA0A66A6D1E5365E8 /* error_500.json */,
				1D57B0CBD37FFE55C12C9F84 /* graphql_response.json */,
				F78BB2C41B4A84C891B4978B /* login_response.json */,
				5791FBE0AD88D647AAFE62C6 /* profile.json */,
				E53A690DCBF93D3AE62A1D3E /* users.json */,
			);
			path = SampleJSON;
			sourceTree = "<group>";
		};
		90E537B9E492271AB63C0F92 = {
			isa = PBXGroup;
			children = (
				C548AD74158D3DFE33930E3A /* DemoApp */,
				1ECD6713735BF925C6B02CF5 /* Inspectly */,
				3294C0D6CF15E3491A398D8E /* Products */,
			);
			sourceTree = "<group>";
		};
		AA360F5645B50ACB1EB9983A /* Protocols */ = {
			isa = PBXGroup;
			children = (
				24580941E7B1166896FF3D42 /* ExportManagerProtocol.swift */,
				8795B1C94AC5BC4F2C43937A /* NetworkObserverProtocol.swift */,
				236A73F112B84B6958186504 /* RequestRepositoryProtocol.swift */,
				6A31207692068F04AF2569D5 /* StorageManagerProtocol.swift */,
				5655C79F220E7AB4C8B0DD14 /* StubRepositoryProtocol.swift */,
			);
			path = Protocols;
			sourceTree = "<group>";
		};
		C548AD74158D3DFE33930E3A /* DemoApp */ = {
			isa = PBXGroup;
			children = (
				D1053CC8B7CCA07906C89DC7 /* DemoApp.swift */,
				565B36C9CCAE1F2DB00E8FD0 /* DemoAppView.swift */,
				72257512CAF0D53F631A1870 /* Info.plist */,
			);
			path = DemoApp;
			sourceTree = "<group>";
		};
		C5F6C55B1ADAC990E8B43ED3 /* Views */ = {
			isa = PBXGroup;
			children = (
				2DBE4F5F3252FB40F729AE82 /* Components */,
				518AEE8435ADAA09877D4707 /* RequestDetail */,
				333E112F77E47113298074B2 /* RequestList */,
				0BAE90E3BD5483BA7ADE2F7E /* Settings */,
				21F165EFAAB42E42C16187BD /* Statistics */,
				26C88B7BCA4DDC8AC6DF0E55 /* StubDetail */,
				1BE2DDF6E2FA1BA369467647 /* StubManager */,
			);
			path = Views;
			sourceTree = "<group>";
		};
		E3DAB197E2950B7578CD7465 /* Networking */ = {
			isa = PBXGroup;
			children = (
				4C0C40E1AAD6DA38034C4512 /* InspectlyURLProtocol.swift */,
				4325CFCCE1DCD943C9220132 /* StubEngine.swift */,
				239AFEFDFF87F89A903C43E6 /* AlamofireIntegration */,
			);
			path = Networking;
			sourceTree = "<group>";
		};
		F588775A83E0B163448362D6 /* ViewModels */ = {
			isa = PBXGroup;
			children = (
				B582CDFAC5869D1A4699499A /* RequestDetailViewModel.swift */,
				922CE9B61E7E676DD9970000 /* RequestListViewModel.swift */,
				A1E007E9774D0C1323410D43 /* SettingsViewModel.swift */,
				E5D627F16EFB01DB67904E58 /* StatisticsViewModel.swift */,
				16F177961E49A5B8E28DE9E3 /* StubDetailViewModel.swift */,
				3D2CD453A6251D4ABEE14EBF /* StubManagerViewModel.swift */,
			);
			path = ViewModels;
			sourceTree = "<group>";
		};
/* End PBXGroup section */

/* Begin PBXNativeTarget section */
		C7E57ED7FC4261B580FC6E5E /* InspectlyDemo */ = {
			isa = PBXNativeTarget;
			buildConfigurationList = 7533649E361EA5233172EF32 /* Build configuration list for PBXNativeTarget "InspectlyDemo" */;
			buildPhases = (
				A38F48133784D2AFD30C7E2A /* Sources */,
				3E400DC52995AB65649A6379 /* Resources */,
				C98EF1B9E57E27C2C22EFD3B /* Frameworks */,
			);
			buildRules = (
			);
			dependencies = (
			);
			name = InspectlyDemo;
			packageProductDependencies = (
				BA9B0FDFD72C42755F3D0A38 /* Alamofire */,
			);
			productName = InspectlyDemo;
			productReference = FA21957CA1B43CCC3203AB1A /* InspectlyDemo.app */;
			productType = "com.apple.product-type.application";
		};
/* End PBXNativeTarget section */

/* Begin PBXProject section */
		1A7B05BD756CE71461968166 /* Project object */ = {
			isa = PBXProject;
			attributes = {
				BuildIndependentTargetsInParallel = YES;
				LastUpgradeCheck = 1430;
			};
			buildConfigurationList = B118076E4A7FDFEDB16CCB05 /* Build configuration list for PBXProject "Inspectly" */;
			compatibilityVersion = "Xcode 14.0";
			developmentRegion = en;
			hasScannedForEncodings = 0;
			knownRegions = (
				Base,
				en,
			);
			mainGroup = 90E537B9E492271AB63C0F92;
			minimizedProjectReferenceProxies = 1;
			packageReferences = (
				2E69614B4BE6F794CA630947 /* XCRemoteSwiftPackageReference "Alamofire" */,
			);
			preferredProjectObjectVersion = 77;
			projectDirPath = "";
			projectRoot = "";
			targets = (
				C7E57ED7FC4261B580FC6E5E /* InspectlyDemo */,
			);
		};
/* End PBXProject section */

/* Begin PBXResourcesBuildPhase section */
		3E400DC52995AB65649A6379 /* Resources */ = {
			isa = PBXResourcesBuildPhase;
			buildActionMask = 2147483647;
			files = (
				CE99BC78E83F8F3BAEE521AF /* Assets.xcassets in Resources */,
				3A1D4CA77A76D19322491712 /* error_401.json in Resources */,
				6623D9B817B2962D980D8B6F /* error_500.json in Resources */,
				331DC85938EF53FE12BB50C4 /* graphql_response.json in Resources */,
				46A58BDCDEBC3235860A3E1E /* login_response.json in Resources */,
				8827F3C5DB4EAA7322314B80 /* profile.json in Resources */,
				97008DD4B3D7938B09641849 /* users.json in Resources */,
			);
			runOnlyForDeploymentPostprocessing = 0;
		};
/* End PBXResourcesBuildPhase section */

/* Begin PBXSourcesBuildPhase section */
		A38F48133784D2AFD30C7E2A /* Sources */ = {
			isa = PBXSourcesBuildPhase;
			buildActionMask = 2147483647;
			files = (
				65DAC2522F206C20F1F88967 /* AppSettings.swift in Sources */,
				38FF83B516D6656EF79AC6D8 /* CodeBlockView.swift in Sources */,
				0914EBC39324D9DBE473DF80 /* Color+Theme.swift in Sources */,
				8DF705913D5889AAC28E14DD /* ContentView.swift in Sources */,
				D0BD33BE778722D5C2DD0BC5 /* DashboardSummary.swift in Sources */,
				BFAAA00EDDEC14AF52A7D011 /* Date+Formatting.swift in Sources */,
				A3AE412102E31D23DDB84E19 /* DemoApp.swift in Sources */,
				D12C134B937CC81360170E67 /* DemoAppView.swift in Sources */,
				417AC0976123ED354B2B74BA /* DependencyContainer.swift in Sources */,
				33B9215C93EEFA16AF460379 /* EmptyStateView.swift in Sources */,
				AC28C13A10E2744A9584DAD2 /* ExportManager.swift in Sources */,
				DB86BF37E633DC8DC018509D /* ExportManagerProtocol.swift in Sources */,
				F83FDCBB4F0D435C20884264 /* ExportTabView.swift in Sources */,
				8A1D9FC5AB26062AFD0AABA2 /* FilterChipView.swift in Sources */,
				A2EECF48913DF9FA991CB659 /* FilterSheetView.swift in Sources */,
				641F96B62A9B5C23736CC58C /* HTTPMethodBadge.swift in Sources */,
				0BEA1D07FBA2CB46F1E1A65B /* HeadersTabView.swift in Sources */,
				FA3E672217C7414A53118F35 /* InspectlyEventMonitor.swift in Sources */,
				C12B775652A264A8B4A52AB0 /* InspectlyRequestInterceptor.swift in Sources */,
				2AB711665655F6B84C2CFB9E /* InspectlySessionConfiguration.swift in Sources */,
				1BB88BDEDDAEA09C6AE92EFC /* InspectlyURLProtocol.swift in Sources */,
				8CE834E1C036764C50865FDC /* JSONPreviewView.swift in Sources */,
				E512CEE09DC4D1F9FA8BF824 /* MatchRuleEditorView.swift in Sources */,
				2D7A89858BB58FCD4D04A668 /* MiniChartView.swift in Sources */,
				8D6E625CAA0BD6C286C27BB6 /* MockRequests.swift in Sources */,
				B40628CAEC4CC292C90E91B1 /* MockSettings.swift in Sources */,
				3D1EFDF7C0484D8DEEA86B7F /* MockStubs.swift in Sources */,
				A9478D7B495726D6DDC417AE /* NetworkObserverProtocol.swift in Sources */,
				677E45FB8DFA60B03E0789E7 /* NetworkObserverService.swift in Sources */,
				1E1451485A7210123AB31D71 /* NetworkRequest.swift in Sources */,
				52A315B8F8C8A22DC742E9ED /* OverviewTabView.swift in Sources */,
				1E48A634959D88F1CF5A8F1C /* ParamsTabView.swift in Sources */,
				48C8F618E95099493289E4C0 /* QueryParameter.swift in Sources */,
				FAE1B9C9B551561FD3EE2247 /* RequestBody.swift in Sources */,
				0BC421BA23BCAC5AD9E39CE5 /* RequestBodyTabView.swift in Sources */,
				8CF17782EBBC2DE7C28968BE /* RequestDetailView.swift in Sources */,
				8C731A7CD4B4EB0BF1401860 /* RequestDetailViewModel.swift in Sources */,
				2FFFB1B2B396ACAAA52687DB /* RequestGroup.swift in Sources */,
				2DC95F1D2165497F9A50D679 /* RequestHeader.swift in Sources */,
				1A857D7909167811438CBCC4 /* RequestListView.swift in Sources */,
				38F181C99B7B335B277DBE4F /* RequestListViewModel.swift in Sources */,
				985B160CE09F021CD7439C96 /* RequestRepository.swift in Sources */,
				11DC9E9D8F4C8F5EFB6B8ECC /* RequestRepositoryProtocol.swift in Sources */,
				54D0F1208285CF0CEC262EF7 /* RequestRowView.swift in Sources */,
				3278DEF3469355F386220247 /* RequestStub.swift in Sources */,
				D7522144C39105384203A970 /* RequestTag.swift in Sources */,
				C7F90188AF04304D6995C428 /* ResponseBodyTabView.swift in Sources */,
				E01F115BB30932AA379D13C2 /* ResponseEditorView.swift in Sources */,
				D7CB22EDA6736180E5E99332 /* ScenarioListView.swift in Sources */,
				DBB8F72ED2196CA6D4BA7512 /* SectionHeaderView.swift in Sources */,
				71252B36AC8D138FFF6CAC61 /* SettingsView.swift in Sources */,
				CE38495DEA74EC6E8FA59424 /* SettingsViewModel.swift in Sources */,
				A52B713344B5F4545314BF54 /* ShakeDetector.swift in Sources */,
				07D2CAD2D1381D5B8AB6297B /* StatisticsView.swift in Sources */,
				F41A40A1735CF9163FAFDCA6 /* StatisticsViewModel.swift in Sources */,
				660DA24397175B5366587046 /* StatusBadgeView.swift in Sources */,
				FEDD4A0322E5F02D4A2187E1 /* StorageManager.swift in Sources */,
				39CE13DFC58158149D25BB22 /* StorageManagerProtocol.swift in Sources */,
				8645D8BC182A459D527829A2 /* String+JSON.swift in Sources */,
				B10271698217B08CE5665A46 /* StubDetailView.swift in Sources */,
				1FB7B9CDC0E62BB569583623 /* StubDetailViewModel.swift in Sources */,
				31A2E8F9CE07720A6ADFA1FE /* StubEngine.swift in Sources */,
				592154BCA292BD95463E37FC /* StubManagerView.swift in Sources */,
				B1E387172B5C988B02BCCC15 /* StubManagerViewModel.swift in Sources */,
				A8DAC2BC0107C4A961302D05 /* StubRepository.swift in Sources */,
				5C48A3FE79DA9E7F5F885079 /* StubRepositoryProtocol.swift in Sources */,
				D54BC5542227AC4CC49C0236 /* StubRowView.swift in Sources */,
				526568D9D941DE38AE66DEDC /* SummaryCardView.swift in Sources */,
				60DF268D5C1AD8E84DC03F6E /* TimelineTabView.swift in Sources */,
				E766735E3478548E686E3320 /* View+Modifiers.swift in Sources */,
			);
			runOnlyForDeploymentPostprocessing = 0;
		};
/* End PBXSourcesBuildPhase section */

/* Begin XCBuildConfiguration section */
		51086B5B10A5AACC866914FF /* Debug */ = {
			isa = XCBuildConfiguration;
			buildSettings = {
				ALWAYS_SEARCH_USER_PATHS = NO;
				CLANG_ANALYZER_NONNULL = YES;
				CLANG_ANALYZER_NUMBER_OBJECT_CONVERSION = YES_AGGRESSIVE;
				CLANG_CXX_LANGUAGE_STANDARD = "gnu++14";
				CLANG_CXX_LIBRARY = "libc++";
				CLANG_ENABLE_MODULES = YES;
				CLANG_ENABLE_OBJC_ARC = YES;
				CLANG_ENABLE_OBJC_WEAK = YES;
				CLANG_WARN_BLOCK_CAPTURE_AUTORELEASING = YES;
				CLANG_WARN_BOOL_CONVERSION = YES;
				CLANG_WARN_COMMA = YES;
				CLANG_WARN_CONSTANT_CONVERSION = YES;
				CLANG_WARN_DEPRECATED_OBJC_IMPLEMENTATIONS = YES;
				CLANG_WARN_DIRECT_OBJC_ISA_USAGE = YES_ERROR;
				CLANG_WARN_DOCUMENTATION_COMMENTS = YES;
				CLANG_WARN_EMPTY_BODY = YES;
				CLANG_WARN_ENUM_CONVERSION = YES;
				CLANG_WARN_INFINITE_RECURSION = YES;
				CLANG_WARN_INT_CONVERSION = YES;
				CLANG_WARN_NON_LITERAL_NULL_CONVERSION = YES;
				CLANG_WARN_OBJC_IMPLICIT_RETAIN_SELF = YES;
				CLANG_WARN_OBJC_LITERAL_CONVERSION = YES;
				CLANG_WARN_OBJC_ROOT_CLASS = YES_ERROR;
				CLANG_WARN_QUOTED_INCLUDE_IN_FRAMEWORK_HEADER = YES;
				CLANG_WARN_RANGE_LOOP_ANALYSIS = YES;
				CLANG_WARN_STRICT_PROTOTYPES = YES;
				CLANG_WARN_SUSPICIOUS_MOVE = YES;
				CLANG_WARN_UNGUARDED_AVAILABILITY = YES_AGGRESSIVE;
				CLANG_WARN_UNREACHABLE_CODE = YES;
				CLANG_WARN__DUPLICATE_METHOD_MATCH = YES;
				COPY_PHASE_STRIP = NO;
				DEBUG_INFORMATION_FORMAT = dwarf;
				ENABLE_STRICT_OBJC_MSGSEND = YES;
				ENABLE_TESTABILITY = YES;
				GCC_C_LANGUAGE_STANDARD = gnu11;
				GCC_DYNAMIC_NO_PIC = NO;
				GCC_NO_COMMON_BLOCKS = YES;
				GCC_OPTIMIZATION_LEVEL = 0;
				GCC_PREPROCESSOR_DEFINITIONS = (
					"$(inherited)",
					"DEBUG=1",
				);
				GCC_WARN_64_TO_32_BIT_CONVERSION = YES;
				GCC_WARN_ABOUT_RETURN_TYPE = YES_ERROR;
				GCC_WARN_UNDECLARED_SELECTOR = YES;
				GCC_WARN_UNINITIALIZED_AUTOS = YES_AGGRESSIVE;
				GCC_WARN_UNUSED_FUNCTION = YES;
				GCC_WARN_UNUSED_VARIABLE = YES;
				MTL_ENABLE_DEBUG_INFO = INCLUDE_SOURCE;
				MTL_FAST_MATH = YES;
				ONLY_ACTIVE_ARCH = YES;
				PRODUCT_NAME = "$(TARGET_NAME)";
				SDKROOT = iphoneos;
				SWIFT_ACTIVE_COMPILATION_CONDITIONS = DEBUG;
				SWIFT_OPTIMIZATION_LEVEL = "-Onone";
				SWIFT_VERSION = 5.0;
			};
			name = Debug;
		};
		51BD28E5A0D9719C2B2A0CFB /* Debug */ = {
			isa = XCBuildConfiguration;
			buildSettings = {
				ASSETCATALOG_COMPILER_APPICON_NAME = AppIcon;
				CODE_SIGN_IDENTITY = "iPhone Developer";
				INFOPLIST_FILE = DemoApp/Info.plist;
				IPHONEOS_DEPLOYMENT_TARGET = 16.0;
				LD_RUNPATH_SEARCH_PATHS = (
					"$(inherited)",
					"@executable_path/Frameworks",
				);
				PRODUCT_BUNDLE_IDENTIFIER = com.inspectly.InspectlyDemo;
				SDKROOT = iphoneos;
				TARGETED_DEVICE_FAMILY = "1,2";
			};
			name = Debug;
		};
		DDCBC1B9C92DA04CDED083EF /* Release */ = {
			isa = XCBuildConfiguration;
			buildSettings = {
				ALWAYS_SEARCH_USER_PATHS = NO;
				CLANG_ANALYZER_NONNULL = YES;
				CLANG_ANALYZER_NUMBER_OBJECT_CONVERSION = YES_AGGRESSIVE;
				CLANG_CXX_LANGUAGE_STANDARD = "gnu++14";
				CLANG_CXX_LIBRARY = "libc++";
				CLANG_ENABLE_MODULES = YES;
				CLANG_ENABLE_OBJC_ARC = YES;
				CLANG_ENABLE_OBJC_WEAK = YES;
				CLANG_WARN_BLOCK_CAPTURE_AUTORELEASING = YES;
				CLANG_WARN_BOOL_CONVERSION = YES;
				CLANG_WARN_COMMA = YES;
				CLANG_WARN_CONSTANT_CONVERSION = YES;
				CLANG_WARN_DEPRECATED_OBJC_IMPLEMENTATIONS = YES;
				CLANG_WARN_DIRECT_OBJC_ISA_USAGE = YES_ERROR;
				CLANG_WARN_DOCUMENTATION_COMMENTS = YES;
				CLANG_WARN_EMPTY_BODY = YES;
				CLANG_WARN_ENUM_CONVERSION = YES;
				CLANG_WARN_INFINITE_RECURSION = YES;
				CLANG_WARN_INT_CONVERSION = YES;
				CLANG_WARN_NON_LITERAL_NULL_CONVERSION = YES;
				CLANG_WARN_OBJC_IMPLICIT_RETAIN_SELF = YES;
				CLANG_WARN_OBJC_LITERAL_CONVERSION = YES;
				CLANG_WARN_OBJC_ROOT_CLASS = YES_ERROR;
				CLANG_WARN_QUOTED_INCLUDE_IN_FRAMEWORK_HEADER = YES;
				CLANG_WARN_RANGE_LOOP_ANALYSIS = YES;
				CLANG_WARN_STRICT_PROTOTYPES = YES;
				CLANG_WARN_SUSPICIOUS_MOVE = YES;
				CLANG_WARN_UNGUARDED_AVAILABILITY = YES_AGGRESSIVE;
				CLANG_WARN_UNREACHABLE_CODE = YES;
				CLANG_WARN__DUPLICATE_METHOD_MATCH = YES;
				COPY_PHASE_STRIP = NO;
				DEBUG_INFORMATION_FORMAT = "dwarf-with-dsym";
				ENABLE_NS_ASSERTIONS = NO;
				ENABLE_STRICT_OBJC_MSGSEND = YES;
				GCC_C_LANGUAGE_STANDARD = gnu11;
				GCC_NO_COMMON_BLOCKS = YES;
				GCC_WARN_64_TO_32_BIT_CONVERSION = YES;
				GCC_WARN_ABOUT_RETURN_TYPE = YES_ERROR;
				GCC_WARN_UNDECLARED_SELECTOR = YES;
				GCC_WARN_UNINITIALIZED_AUTOS = YES_AGGRESSIVE;
				GCC_WARN_UNUSED_FUNCTION = YES;
				GCC_WARN_UNUSED_VARIABLE = YES;
				MTL_ENABLE_DEBUG_INFO = NO;
				MTL_FAST_MATH = YES;
				PRODUCT_NAME = "$(TARGET_NAME)";
				SDKROOT = iphoneos;
				SWIFT_COMPILATION_MODE = wholemodule;
				SWIFT_OPTIMIZATION_LEVEL = "-O";
				SWIFT_VERSION = 5.0;
			};
			name = Release;
		};
		F419B7D9E812D5A07940F278 /* Release */ = {
			isa = XCBuildConfiguration;
			buildSettings = {
				ASSETCATALOG_COMPILER_APPICON_NAME = AppIcon;
				CODE_SIGN_IDENTITY = "iPhone Developer";
				INFOPLIST_FILE = DemoApp/Info.plist;
				IPHONEOS_DEPLOYMENT_TARGET = 16.0;
				LD_RUNPATH_SEARCH_PATHS = (
					"$(inherited)",
					"@executable_path/Frameworks",
				);
				PRODUCT_BUNDLE_IDENTIFIER = com.inspectly.InspectlyDemo;
				SDKROOT = iphoneos;
				TARGETED_DEVICE_FAMILY = "1,2";
			};
			name = Release;
		};
/* End XCBuildConfiguration section */

/* Begin XCConfigurationList section */
		7533649E361EA5233172EF32 /* Build configuration list for PBXNativeTarget "InspectlyDemo" */ = {
			isa = XCConfigurationList;
			buildConfigurations = (
				51BD28E5A0D9719C2B2A0CFB /* Debug */,
				F419B7D9E812D5A07940F278 /* Release */,
			);
			defaultConfigurationIsVisible = 0;
			defaultConfigurationName = Debug;
		};
		B118076E4A7FDFEDB16CCB05 /* Build configuration list for PBXProject "Inspectly" */ = {
			isa = XCConfigurationList;
			buildConfigurations = (
				51086B5B10A5AACC866914FF /* Debug */,
				DDCBC1B9C92DA04CDED083EF /* Release */,
			);
			defaultConfigurationIsVisible = 0;
			defaultConfigurationName = Debug;
		};
/* End XCConfigurationList section */

/* Begin XCRemoteSwiftPackageReference section */
		2E69614B4BE6F794CA630947 /* XCRemoteSwiftPackageReference "Alamofire" */ = {
			isa = XCRemoteSwiftPackageReference;
			repositoryURL = "https://github.com/Alamofire/Alamofire.git";
			requirement = {
				kind = upToNextMajorVersion;
				minimumVersion = 5.8.0;
			};
		};
/* End XCRemoteSwiftPackageReference section */

/* Begin XCSwiftPackageProductDependency section */
		BA9B0FDFD72C42755F3D0A38 /* Alamofire */ = {
			isa = XCSwiftPackageProductDependency;
			package = 2E69614B4BE6F794CA630947 /* XCRemoteSwiftPackageReference "Alamofire" */;
			productName = Alamofire;
		};
/* End XCSwiftPackageProductDependency section */
	};
	rootObject = 1A7B05BD756CE71461968166 /* Project object */;
}
